# THIS IS AN AUTOGENERATED FILE. DO NOT EDIT THIS FILE DIRECTLY.
# yarn lockfile v1


maki@^2.1.0:
  version "2.1.0"
  resolved "https://registry.yarnpkg.com/maki/-/maki-2.1.0.tgz#ef9f2b17508293102a7a8e4667d0d27cd89b55ce"
  integrity sha512-rKat2M8wvyEPkzRvuFy2r0/gzC2+0QFtNTbenCryvPxyO8O/frMnuE1BmHcHiYQbMY9O69t1T+SrneiCtFzlaw==
